
Microsoft Visual Studio Solution File, Format Version 12.00
# Visual Studio Version 17
VisualStudioVersion = 17.8.34330.188
MinimumVisualStudioVersion = 10.0.40219.1
Project("{8BC9CEB8-8B4A-11D0-8D11-00A0C91BC942}") = "simboliskie aprēķini", "simboliskie aprēķini\simboliskie aprēķini.vcxproj", "{BA5B0C34-9F71-487E-823B-544844E219D0}"
EndProject
Global
	GlobalSection(SolutionConfigurationPlatforms) = preSolution
		Debug|x64 = Debug|x64
		Debug|x86 = Debug|x86
		Release|x64 = Release|x64
		Release|x86 = Release|x86
	EndGlobalSection
	GlobalSection(ProjectConfigurationPlatforms) = postSolution
		{BA5B0C34-9F71-487E-823B-544844E219D0}.Debug|x64.ActiveCfg = Debug|x64
		{BA5B0C34-9F71-487E-823B-544844E219D0}.Debug|x64.Build.0 = Debug|x64
		{BA5B0C34-9F71-487E-823B-544844E219D0}.Debug|x86.ActiveCfg = Debug|Win32
		{BA5B0C34-9F71-487E-823B-544844E219D0}.Debug|x86.Build.0 = Debug|Win32
		{BA5B0C34-9F71-487E-823B-544844E219D0}.Release|x64.ActiveCfg = Release|x64
		{BA5B0C34-9F71-487E-823B-544844E219D0}.Release|x64.Build.0 = Release|x64
		{BA5B0C34-9F71-487E-823B-544844E219D0}.Release|x86.ActiveCfg = Release|Win32
		{BA5B0C34-9F71-487E-823B-544844E219D0}.Release|x86.Build.0 = Release|Win32
	EndGlobalSection
	GlobalSection(SolutionProperties) = preSolution
		HideSolutionNode = FALSE
	EndGlobalSection
	GlobalSection(ExtensibilityGlobals) = postSolution
		SolutionGuid = {296AB351-05CF-43D4-97A1-45D20A7EF435}
	EndGlobalSection
EndGlobal
